
Microsoft Visual Studio Solution File, Format Version 12.00
# Visual Studio 15
VisualStudioVersion = 15.0.28307.1082
MinimumVisualStudioVersion = 10.0.40219.1
Project("{FAE04EC0-301F-11D3-BF4B-00C04F79EFBC}") = "GameOfLifeSimulator", "GameOfLifeSimulator\GameOfLifeSimulator.csproj", "{5F71F561-9162-4E61-8815-96110115B2FF}"
EndProject
Global
	GlobalSection(SolutionConfigurationPlatforms) = preSolution
		Debug|Any CPU = Debug|Any CPU
		Release|Any CPU = Release|Any CPU
	EndGlobalSection
	GlobalSection(ProjectConfigurationPlatforms) = postSolution
		{5F71F561-9162-4E61-8815-96110115B2FF}.Debug|Any CPU.ActiveCfg = Debug|Any CPU
		{5F71F561-9162-4E61-8815-96110115B2FF}.Debug|Any CPU.Build.0 = Debug|Any CPU
		{5F71F561-9162-4E61-8815-96110115B2FF}.Release|Any CPU.ActiveCfg = Release|Any CPU
		{5F71F561-9162-4E61-8815-96110115B2FF}.Release|Any CPU.Build.0 = Release|Any CPU
	EndGlobalSection
	GlobalSection(SolutionProperties) = preSolution
		HideSolutionNode = FALSE
	EndGlobalSection
	GlobalSection(ExtensibilityGlobals) = postSolution
		SolutionGuid = {58B0F43D-D744-4F47-B920-6E12EBB24E89}
	EndGlobalSection
EndGlobal
